
Microsoft Visual Studio Solution File, Format Version 12.00
# Visual Studio Version 16
VisualStudioVersion = 16.0.30011.22
MinimumVisualStudioVersion = 10.0.40219.1
Project("{FAE04EC0-301F-11D3-BF4B-00C04F79EFBC}") = "NaijEmer.UWP", "NaijEmer.UWP\NaijEmer.UWP.csproj", "{A70BAC19-01DF-4C27-B991-76E9787AF064}"
EndProject
Project("{FAE04EC0-301F-11D3-BF4B-00C04F79EFBC}") = "NaijEmer.Android", "NaijEmer.Android\NaijEmer.Android.csproj", "{F3A9CACD-009D-4093-AF15-CB5CAE20CD2D}"
EndProject
Project("{FAE04EC0-301F-11D3-BF4B-00C04F79EFBC}") = "NaijEmer.iOS", "NaijEmer.iOS\NaijEmer.iOS.csproj", "{BA323607-ECD2-4819-9C39-CDB16FA956ED}"
EndProject
Project("{FAE04EC0-301F-11D3-BF4B-00C04F79EFBC}") = "NaijEmer", "NaijEmer\NaijEmer.csproj", "{046B9BF5-93AA-4D55-98A5-99C4B17292F7}"
EndProject
Global
	GlobalSection(SolutionConfigurationPlatforms) = preSolution
		Debug|Any CPU = Debug|Any CPU
		Debug|ARM = Debug|ARM
		Debug|iPhone = Debug|iPhone
		Debug|iPhoneSimulator = Debug|iPhoneSimulator
		Debug|x64 = Debug|x64
		Debug|x86 = Debug|x86
		Release|Any CPU = Release|Any CPU
		Release|ARM = Release|ARM
		Release|iPhone = Release|iPhone
		Release|iPhoneSimulator = Release|iPhoneSimulator
		Release|x64 = Release|x64
		Release|x86 = Release|x86
	EndGlobalSection
	GlobalSection(ProjectConfigurationPlatforms) = postSolution
		{A70BAC19-01DF-4C27-B991-76E9787AF064}.Debug|Any CPU.ActiveCfg = Debug|x86
		{A70BAC19-01DF-4C27-B991-76E9787AF064}.Debug|Any CPU.Build.0 = Debug|x86
		{A70BAC19-01DF-4C27-B991-76E9787AF064}.Debug|Any CPU.Deploy.0 = Debug|x86
		{A70BAC19-01DF-4C27-B991-76E9787AF064}.Debug|ARM.ActiveCfg = Debug|ARM
		{A70BAC19-01DF-4C27-B991-76E9787AF064}.Debug|ARM.Build.0 = Debug|ARM
		{A70BAC19-01DF-4C27-B991-76E9787AF064}.Debug|ARM.Deploy.0 = Debug|ARM
		{A70BAC19-01DF-4C27-B991-76E9787AF064}.Debug|iPhone.ActiveCfg = Debug|x86
		{A70BAC19-01DF-4C27-B991-76E9787AF064}.Debug|iPhone.Build.0 = Debug|x86
		{A70BAC19-01DF-4C27-B991-76E9787AF064}.Debug|iPhone.Deploy.0 = Debug|x86
		{A70BAC19-01DF-4C27-B991-76E9787AF064}.Debug|iPhoneSimulator.ActiveCfg = Debug|x86
		{A70BAC19-01DF-4C27-B991-76E9787AF064}.Debug|iPhoneSimulator.Build.0 = Debug|x86
		{A70BAC19-01DF-4C27-B991-76E9787AF064}.Debug|iPhoneSimulator.Deploy.0 = Debug|x86
		{A70BAC19-01DF-4C27-B991-76E9787AF064}.Debug|x64.ActiveCfg = Debug|x64
		{A70BAC19-01DF-4C27-B991-76E9787AF064}.Debug|x64.Build.0 = Debug|x64
		{A70BAC19-01DF-4C27-B991-76E9787AF064}.Debug|x64.Deploy.0 = Debug|x64
		{A70BAC19-01DF-4C27-B991-76E9787AF064}.Debug|x86.ActiveCfg = Debug|x86
		{A70BAC19-01DF-4C27-B991-76E9787AF064}.Debug|x86.Build.0 = Debug|x86
		{A70BAC19-01DF-4C27-B991-76E9787AF064}.Debug|x86.Deploy.0 = Debug|x86
		{A70BAC19-01DF-4C27-B991-76E9787AF064}.Release|Any CPU.ActiveCfg = Release|x86
		{A70BAC19-01DF-4C27-B991-76E9787AF064}.Release|Any CPU.Build.0 = Release|x86
		{A70BAC19-01DF-4C27-B991-76E9787AF064}.Release|Any CPU.Deploy.0 = Release|x86
		{A70BAC19-01DF-4C27-B991-76E9787AF064}.Release|ARM.ActiveCfg = Release|ARM
		{A70BAC19-01DF-4C27-B991-76E9787AF064}.Release|ARM.Build.0 = Release|ARM
		{A70BAC19-01DF-4C27-B991-76E9787AF064}.Release|ARM.Deploy.0 = Release|ARM
		{A70BAC19-01DF-4C27-B991-76E9787AF064}.Release|iPhone.ActiveCfg = Release|x86
		{A70BAC19-01DF-4C27-B991-76E9787AF064}.Release|iPhone.Build.0 = Release|x86
		{A70BAC19-01DF-4C27-B991-76E9787AF064}.Release|iPhone.Deploy.0 = Release|x86
		{A70BAC19-01DF-4C27-B991-76E9787AF064}.Release|iPhoneSimulator.ActiveCfg = Release|x86
		{A70BAC19-01DF-4C27-B991-76E9787AF064}.Release|iPhoneSimulator.Build.0 = Release|x86
		{A70BAC19-01DF-4C27-B991-76E9787AF064}.Release|iPhoneSimulator.Deploy.0 = Release|x86
		{A70BAC19-01DF-4C27-B991-76E9787AF064}.Release|x64.ActiveCfg = Release|x64
		{A70BAC19-01DF-4C27-B991-76E9787AF064}.Release|x64.Build.0 = Release|x64
		{A70BAC19-01DF-4C27-B991-76E9787AF064}.Release|x64.Deploy.0 = Release|x64
		{A70BAC19-01DF-4C27-B991-76E9787AF064}.Release|x86.ActiveCfg = Release|x86
		{A70BAC19-01DF-4C27-B991-76E9787AF064}.Release|x86.Build.0 = Release|x86
		{A70BAC19-01DF-4C27-B991-76E9787AF064}.Release|x86.Deploy.0 = Release|x86
		{F3A9CACD-009D-4093-AF15-CB5CAE20CD2D}.Debug|Any CPU.ActiveCfg = Debug|Any CPU
		{F3A9CACD-009D-4093-AF15-CB5CAE20CD2D}.Debug|Any CPU.Build.0 = Debug|Any CPU
		{F3A9CACD-009D-4093-AF15-CB5CAE20CD2D}.Debug|Any CPU.Deploy.0 = Debug|Any CPU
		{F3A9CACD-009D-4093-AF15-CB5CAE20CD2D}.Debug|ARM.ActiveCfg = Debug|Any CPU
		{F3A9CACD-009D-4093-AF15-CB5CAE20CD2D}.Debug|ARM.Build.0 = Debug|Any CPU
		{F3A9CACD-009D-4093-AF15-CB5CAE20CD2D}.Debug|ARM.Deploy.0 = Debug|Any CPU
		{F3A9CACD-009D-4093-AF15-CB5CAE20CD2D}.Debug|iPhone.ActiveCfg = Debug|Any CPU
		{F3A9CACD-009D-4093-AF15-CB5CAE20CD2D}.Debug|iPhone.Build.0 = Debug|Any CPU
		{F3A9CACD-009D-4093-AF15-CB5CAE20CD2D}.Debug|iPhone.Deploy.0 = Debug|Any CPU
		{F3A9CACD-009D-4093-AF15-CB5CAE20CD2D}.Debug|iPhoneSimulator.ActiveCfg = Debug|Any CPU
		{F3A9CACD-009D-4093-AF15-CB5CAE20CD2D}.Debug|iPhoneSimulator.Build.0 = Debug|Any CPU
		{F3A9CACD-009D-4093-AF15-CB5CAE20CD2D}.Debug|iPhoneSimulator.Deploy.0 = Debug|Any CPU
		{F3A9CACD-009D-4093-AF15-CB5CAE20CD2D}.Debug|x64.ActiveCfg = Debug|Any CPU
		{F3A9CACD-009D-4093-AF15-CB5CAE20CD2D}.Debug|x64.Build.0 = Debug|Any CPU
		{F3A9CACD-009D-4093-AF15-CB5CAE20CD2D}.Debug|x64.Deploy.0 = Debug|Any CPU
		{F3A9CACD-009D-4093-AF15-CB5CAE20CD2D}.Debug|x86.ActiveCfg = Debug|Any CPU
		{F3A9CACD-009D-4093-AF15-CB5CAE20CD2D}.Debug|x86.Build.0 = Debug|Any CPU
		{F3A9CACD-009D-4093-AF15-CB5CAE20CD2D}.Debug|x86.Deploy.0 = Debug|Any CPU
		{F3A9CACD-009D-4093-AF15-CB5CAE20CD2D}.Release|Any CPU.ActiveCfg = Release|Any CPU
		{F3A9CACD-009D-4093-AF15-CB5CAE20CD2D}.Release|Any CPU.Build.0 = Release|Any CPU
		{F3A9CACD-009D-4093-AF15-CB5CAE20CD2D}.Release|Any CPU.Deploy.0 = Release|Any CPU
		{F3A9CACD-009D-4093-AF15-CB5CAE20CD2D}.Release|ARM.ActiveCfg = Release|Any CPU
		{F3A9CACD-009D-4093-AF15-CB5CAE20CD2D}.Release|ARM.Build.0 = Release|Any CPU
		{F3A9CACD-009D-4093-AF15-CB5CAE20CD2D}.Release|ARM.Deploy.0 = Release|Any CPU
		{F3A9CACD-009D-4093-AF15-CB5CAE20CD2D}.Release|iPhone.ActiveCfg = Release|Any CPU
		{F3A9CACD-009D-4093-AF15-CB5CAE20CD2D}.Release|iPhone.Build.0 = Release|Any CPU
		{F3A9CACD-009D-4093-AF15-CB5CAE20CD2D}.Release|iPhone.Deploy.0 = Release|Any CPU
		{F3A9CACD-009D-4093-AF15-CB5CAE20CD2D}.Release|iPhoneSimulator.ActiveCfg = Release|Any CPU
		{F3A9CACD-009D-4093-AF15-CB5CAE20CD2D}.Release|iPhoneSimulator.Build.0 = Release|Any CPU
		{F3A9CACD-009D-4093-AF15-CB5CAE20CD2D}.Release|iPhoneSimulator.Deploy.0 = Release|Any CPU
		{F3A9CACD-009D-4093-AF15-CB5CAE20CD2D}.Release|x64.ActiveCfg = Release|Any CPU
		{F3A9CACD-009D-4093-AF15-CB5CAE20CD2D}.Release|x64.Build.0 = Release|Any CPU
		{F3A9CACD-009D-4093-AF15-CB5CAE20CD2D}.Release|x64.Deploy.0 = Release|Any CPU
		{F3A9CACD-009D-4093-AF15-CB5CAE20CD2D}.Release|x86.ActiveCfg = Release|Any CPU
		{F3A9CACD-009D-4093-AF15-CB5CAE20CD2D}.Release|x86.Build.0 = Release|Any CPU
		{F3A9CACD-009D-4093-AF15-CB5CAE20CD2D}.Release|x86.Deploy.0 = Release|Any CPU
		{BA323607-ECD2-4819-9C39-CDB16FA956ED}.Debug|Any CPU.ActiveCfg = Debug|iPhone
		{BA323607-ECD2-4819-9C39-CDB16FA956ED}.Debug|Any CPU.Build.0 = Debug|iPhone
		{BA323607-ECD2-4819-9C39-CDB16FA956ED}.Debug|Any CPU.Deploy.0 = Debug|iPhone
		{BA323607-ECD2-4819-9C39-CDB16FA956ED}.Debug|ARM.ActiveCfg = Debug|iPhone
		{BA323607-ECD2-4819-9C39-CDB16FA956ED}.Debug|ARM.Build.0 = Debug|iPhone
		{BA323607-ECD2-4819-9C39-CDB16FA956ED}.Debug|ARM.Deploy.0 = Debug|iPhone
		{BA323607-ECD2-4819-9C39-CDB16FA956ED}.Debug|iPhone.ActiveCfg = Debug|iPhone
		{BA323607-ECD2-4819-9C39-CDB16FA956ED}.Debug|iPhone.Build.0 = Debug|iPhone
		{BA323607-ECD2-4819-9C39-CDB16FA956ED}.Debug|iPhone.Deploy.0 = Debug|iPhone
		{BA323607-ECD2-4819-9C39-CDB16FA956ED}.Debug|iPhoneSimulator.ActiveCfg = Debug|iPhoneSimulator
		{BA323607-ECD2-4819-9C39-CDB16FA956ED}.Debug|iPhoneSimulator.Build.0 = Debug|iPhoneSimulator
		{BA323607-ECD2-4819-9C39-CDB16FA956ED}.Debug|iPhoneSimulator.Deploy.0 = Debug|iPhoneSimulator
		{BA323607-ECD2-4819-9C39-CDB16FA956ED}.Debug|x64.ActiveCfg = Debug|iPhone
		{BA323607-ECD2-4819-9C39-CDB16FA956ED}.Debug|x64.Build.0 = Debug|iPhone
		{BA323607-ECD2-4819-9C39-CDB16FA956ED}.Debug|x64.Deploy.0 = Debug|iPhone
		{BA323607-ECD2-4819-9C39-CDB16FA956ED}.Debug|x86.ActiveCfg = Debug|iPhone
		{BA323607-ECD2-4819-9C39-CDB16FA956ED}.Debug|x86.Build.0 = Debug|iPhone
		{BA323607-ECD2-4819-9C39-CDB16FA956ED}.Debug|x86.Deploy.0 = Debug|iPhone
		{BA323607-ECD2-4819-9C39-CDB16FA956ED}.Release|Any CPU.ActiveCfg = Release|iPhone
		{BA323607-ECD2-4819-9C39-CDB16FA956ED}.Release|Any CPU.Build.0 = Release|iPhone
		{BA323607-ECD2-4819-9C39-CDB16FA956ED}.Release|Any CPU.Deploy.0 = Release|iPhone
		{BA323607-ECD2-4819-9C39-CDB16FA956ED}.Release|ARM.ActiveCfg = Release|iPhone
		{BA323607-ECD2-4819-9C39-CDB16FA956ED}.Release|ARM.Build.0 = Release|iPhone
		{BA323607-ECD2-4819-9C39-CDB16FA956ED}.Release|ARM.Deploy.0 = Release|iPhone
		{BA323607-ECD2-4819-9C39-CDB16FA956ED}.Release|iPhone.ActiveCfg = Release|iPhone
		{BA323607-ECD2-4819-9C39-CDB16FA956ED}.Release|iPhone.Build.0 = Release|iPhone
		{BA323607-ECD2-4819-9C39-CDB16FA956ED}.Release|iPhone.Deploy.0 = Release|iPhone
		{BA323607-ECD2-4819-9C39-CDB16FA956ED}.Release|iPhoneSimulator.ActiveCfg = Release|iPhoneSimulator
		{BA323607-ECD2-4819-9C39-CDB16FA956ED}.Release|iPhoneSimulator.Build.0 = Release|iPhoneSimulator
		{BA323607-ECD2-4819-9C39-CDB16FA956ED}.Release|iPhoneSimulator.Deploy.0 = Release|iPhoneSimulator
		{BA323607-ECD2-4819-9C39-CDB16FA956ED}.Release|x64.ActiveCfg = Release|iPhone
		{BA323607-ECD2-4819-9C39-CDB16FA956ED}.Release|x64.Build.0 = Release|iPhone
		{BA323607-ECD2-4819-9C39-CDB16FA956ED}.Release|x64.Deploy.0 = Release|iPhone
		{BA323607-ECD2-4819-9C39-CDB16FA956ED}.Release|x86.ActiveCfg = Release|iPhone
		{BA323607-ECD2-4819-9C39-CDB16FA956ED}.Release|x86.Build.0 = Release|iPhone
		{BA323607-ECD2-4819-9C39-CDB16FA956ED}.Release|x86.Deploy.0 = Release|iPhone
		{046B9BF5-93AA-4D55-98A5-99C4B17292F7}.Debug|Any CPU.ActiveCfg = Debug|Any CPU
		{046B9BF5-93AA-4D55-98A5-99C4B17292F7}.Debug|Any CPU.Build.0 = Debug|Any CPU
		{046B9BF5-93AA-4D55-98A5-99C4B17292F7}.Debug|Any CPU.Deploy.0 = Debug|Any CPU
		{046B9BF5-93AA-4D55-98A5-99C4B17292F7}.Debug|ARM.ActiveCfg = Debug|Any CPU
		{046B9BF5-93AA-4D55-98A5-99C4B17292F7}.Debug|ARM.Build.0 = Debug|Any CPU
		{046B9BF5-93AA-4D55-98A5-99C4B17292F7}.Debug|ARM.Deploy.0 = Debug|Any CPU
		{046B9BF5-93AA-4D55-98A5-99C4B17292F7}.Debug|iPhone.ActiveCfg = Debug|Any CPU
		{046B9BF5-93AA-4D55-98A5-99C4B17292F7}.Debug|iPhone.Build.0 = Debug|Any CPU
		{046B9BF5-93AA-4D55-98A5-99C4B17292F7}.Debug|iPhone.Deploy.0 = Debug|Any CPU
		{046B9BF5-93AA-4D55-98A5-99C4B17292F7}.Debug|iPhoneSimulator.ActiveCfg = Debug|Any CPU
		{046B9BF5-93AA-4D55-98A5-99C4B17292F7}.Debug|iPhoneSimulator.Build.0 = Debug|Any CPU
		{046B9BF5-93AA-4D55-98A5-99C4B17292F7}.Debug|iPhoneSimulator.Deploy.0 = Debug|Any CPU
		{046B9BF5-93AA-4D55-98A5-99C4B17292F7}.Debug|x64.ActiveCfg = Debug|Any CPU
		{046B9BF5-93AA-4D55-98A5-99C4B17292F7}.Debug|x64.Build.0 = Debug|Any CPU
		{046B9BF5-93AA-4D55-98A5-99C4B17292F7}.Debug|x64.Deploy.0 = Debug|Any CPU
		{046B9BF5-93AA-4D55-98A5-99C4B17292F7}.Debug|x86.ActiveCfg = Debug|Any CPU
		{046B9BF5-93AA-4D55-98A5-99C4B17292F7}.Debug|x86.Build.0 = Debug|Any CPU
		{046B9BF5-93AA-4D55-98A5-99C4B17292F7}.Debug|x86.Deploy.0 = Debug|Any CPU
		{046B9BF5-93AA-4D55-98A5-99C4B17292F7}.Release|Any CPU.ActiveCfg = Release|Any CPU
		{046B9BF5-93AA-4D55-98A5-99C4B17292F7}.Release|Any CPU.Build.0 = Release|Any CPU
		{046B9BF5-93AA-4D55-98A5-99C4B17292F7}.Release|Any CPU.Deploy.0 = Release|Any CPU
		{046B9BF5-93AA-4D55-98A5-99C4B17292F7}.Release|ARM.ActiveCfg = Release|Any CPU
		{046B9BF5-93AA-4D55-98A5-99C4B17292F7}.Release|ARM.Build.0 = Release|Any CPU
		{046B9BF5-93AA-4D55-98A5-99C4B17292F7}.Release|ARM.Deploy.0 = Release|Any CPU
		{046B9BF5-93AA-4D55-98A5-99C4B17292F7}.Release|iPhone.ActiveCfg = Release|Any CPU
		{046B9BF5-93AA-4D55-98A5-99C4B17292F7}.Release|iPhone.Build.0 = Release|Any CPU
		{046B9BF5-93AA-4D55-98A5-99C4B17292F7}.Release|iPhone.Deploy.0 = Release|Any CPU
		{046B9BF5-93AA-4D55-98A5-99C4B17292F7}.Release|iPhoneSimulator.ActiveCfg = Release|Any CPU
		{046B9BF5-93AA-4D55-98A5-99C4B17292F7}.Release|iPhoneSimulator.Build.0 = Release|Any CPU
		{046B9BF5-93AA-4D55-98A5-99C4B17292F7}.Release|iPhoneSimulator.Deploy.0 = Release|Any CPU
		{046B9BF5-93AA-4D55-98A5-99C4B17292F7}.Release|x64.ActiveCfg = Release|Any CPU
		{046B9BF5-93AA-4D55-98A5-99C4B17292F7}.Release|x64.Build.0 = Release|Any CPU
		{046B9BF5-93AA-4D55-98A5-99C4B17292F7}.Release|x64.Deploy.0 = Release|Any CPU
		{046B9BF5-93AA-4D55-98A5-99C4B17292F7}.Release|x86.ActiveCfg = Release|Any CPU
		{046B9BF5-93AA-4D55-98A5-99C4B17292F7}.Release|x86.Build.0 = Release|Any CPU
		{046B9BF5-93AA-4D55-98A5-99C4B17292F7}.Release|x86.Deploy.0 = Release|Any CPU
	EndGlobalSection
	GlobalSection(SolutionProperties) = preSolution
		HideSolutionNode = FALSE
	EndGlobalSection
	GlobalSection(ExtensibilityGlobals) = postSolution
		SolutionGuid = {224E7414-7685-48D4-9CAE-74F539B3C46E}
	EndGlobalSection
EndGlobal
